
Microsoft Visual Studio Solution File, Format Version 12.00
# Visual Studio 14
VisualStudioVersion = 14.0.25420.1
MinimumVisualStudioVersion = 10.0.40219.1
Project("{FAE04EC0-301F-11D3-BF4B-00C04F79EFBC}") = "SysSoftware", "SysSoftware\SysSoftware.csproj", "{7147C7F8-8971-4A22-9343-EA1C0A5B6EB3}"
EndProject
Project("{FAE04EC0-301F-11D3-BF4B-00C04F79EFBC}") = "Model", "Model\Model.csproj", "{51C032DD-4E28-430F-B9F2-C6CE612513F4}"
EndProject
Global
	GlobalSection(SolutionConfigurationPlatforms) = preSolution
		Debug|Any CPU = Debug|Any CPU
		Release|Any CPU = Release|Any CPU
	EndGlobalSection
	GlobalSection(ProjectConfigurationPlatforms) = postSolution
		{7147C7F8-8971-4A22-9343-EA1C0A5B6EB3}.Debug|Any CPU.ActiveCfg = Debug|Any CPU
		{7147C7F8-8971-4A22-9343-EA1C0A5B6EB3}.Debug|Any CPU.Build.0 = Debug|Any CPU
		{7147C7F8-8971-4A22-9343-EA1C0A5B6EB3}.Release|Any CPU.ActiveCfg = Release|Any CPU
		{7147C7F8-8971-4A22-9343-EA1C0A5B6EB3}.Release|Any CPU.Build.0 = Release|Any CPU
		{51C032DD-4E28-430F-B9F2-C6CE612513F4}.Debug|Any CPU.ActiveCfg = Debug|Any CPU
		{51C032DD-4E28-430F-B9F2-C6CE612513F4}.Debug|Any CPU.Build.0 = Debug|Any CPU
		{51C032DD-4E28-430F-B9F2-C6CE612513F4}.Release|Any CPU.ActiveCfg = Release|Any CPU
		{51C032DD-4E28-430F-B9F2-C6CE612513F4}.Release|Any CPU.Build.0 = Release|Any CPU
	EndGlobalSection
	GlobalSection(SolutionProperties) = preSolution
		HideSolutionNode = FALSE
	EndGlobalSection
	GlobalSection(ExtensibilityGlobals) = postSolution
		SolutionGuid = {EF1EA304-C7ED-414D-940F-292387B6EA15}
	EndGlobalSection
EndGlobal
